
Microsoft Visual Studio Solution File, Format Version 12.00
# Visual Studio Version 17
VisualStudioVersion = 17.2.32630.192
MinimumVisualStudioVersion = 10.0.40219.1
Project("{FAE04EC0-301F-11D3-BF4B-00C04F79EFBC}") = "SaleApp", "SaleApp\SaleApp.csproj", "{737425DE-EBD2-4AD6-9CCB-9781F4BF579F}"
EndProject
Global
	GlobalSection(SolutionConfigurationPlatforms) = preSolution
		Debug|Any CPU = Debug|Any CPU
		Release|Any CPU = Release|Any CPU
	EndGlobalSection
	GlobalSection(ProjectConfigurationPlatforms) = postSolution
		{737425DE-EBD2-4AD6-9CCB-9781F4BF579F}.Debug|Any CPU.ActiveCfg = Debug|Any CPU
		{737425DE-EBD2-4AD6-9CCB-9781F4BF579F}.Debug|Any CPU.Build.0 = Debug|Any CPU
		{737425DE-EBD2-4AD6-9CCB-9781F4BF579F}.Release|Any CPU.ActiveCfg = Release|Any CPU
		{737425DE-EBD2-4AD6-9CCB-9781F4BF579F}.Release|Any CPU.Build.0 = Release|Any CPU
	EndGlobalSection
	GlobalSection(SolutionProperties) = preSolution
		HideSolutionNode = FALSE
	EndGlobalSection
	GlobalSection(ExtensibilityGlobals) = postSolution
		SolutionGuid = {44CB41BA-B6A4-4DF7-B571-D5F0CBFB110E}
	EndGlobalSection
EndGlobal
